{
    "name": "Usecloud.uniCloud.admin.usemall",
    "version": "1.0.9",
    "lockfileVersion": 1,
    "requires": true,
    "dependencies": {
        "@babel/parser": {
            "version": "7.23.5",
            "resolved": "http://spd.hiysg.com:4873/@babel%2fparser/-/parser-7.23.5.tgz",
            "integrity": "sha512-hOOqoiNXrmGdFbhgCzu6GiURxUgM27Xwd/aPuu8RfHEZPBzL1Z54okAHAQjXfcQNwvrlkAmAp4SlRTZ45vlthQ=="
        },
        "@vue/compiler-sfc": {
            "version": "2.7.15",
            "resolved": "http://spd.hiysg.com:4873/@vue%2fcompiler-sfc/-/compiler-sfc-2.7.15.tgz",
            "integrity": "sha512-FCvIEevPmgCgqFBH7wD+3B97y7u7oj/Wr69zADBf403Tui377bThTjBvekaZvlRr4IwUAu3M6hYZeULZFJbdYg==",
            "requires": {
                "@babel/parser": "^7.18.4",
                "postcss": "^8.4.14",
                "source-map": "^0.6.1"
            }
        },
        "async-validator": {
            "version": "1.8.5",
            "resolved": "http://spd.hiysg.com:4873/async-validator/-/async-validator-1.8.5.tgz",
            "integrity": "sha512-tXBM+1m056MAX0E8TL2iCjg8WvSyXu0Zc8LNtYqrVeyoL3+esHRZ4SieE9fKQyyU09uONjnMEjrNBMqT0mbvmA==",
            "requires": {
                "babel-runtime": "6.x"
            }
        },
        "axios": {
            "version": "0.21.1",
            "resolved": "http://spd.hiysg.com:4873/axios/-/axios-0.21.1.tgz",
            "integrity": "sha512-dKQiRHxGD9PPRIUNIWvZhPTPpl1rf/OxTYKsqKUDjBwYylTvV7SjSHJb9ratfyzM6wCdLCOYLzs73qpg5c4iGA==",
            "requires": {
                "follow-redirects": "^1.10.0"
            }
        },
        "babel-helper-vue-jsx-merge-props": {
            "version": "2.0.3",
            "resolved": "http://spd.hiysg.com:4873/babel-helper-vue-jsx-merge-props/-/babel-helper-vue-jsx-merge-props-2.0.3.tgz",
            "integrity": "sha512-gsLiKK7Qrb7zYJNgiXKpXblxbV5ffSwR0f5whkPAaBAR4fhi6bwRZxX9wBlIc5M/v8CCkXUbXZL4N/nSE97cqg=="
        },
        "babel-runtime": {
            "version": "6.26.0",
            "resolved": "http://spd.hiysg.com:4873/babel-runtime/-/babel-runtime-6.26.0.tgz",
            "integrity": "sha1-llxwWGaOgrVde/4E/yM3vItWR/4=",
            "requires": {
                "core-js": "^2.4.0",
                "regenerator-runtime": "^0.11.0"
            }
        },
        "core-js": {
            "version": "2.6.12",
            "resolved": "http://spd.hiysg.com:4873/core-js/-/core-js-2.6.12.tgz",
            "integrity": "sha512-Kb2wC0fvsWfQrgk8HU5lW6U/Lcs8+9aaYcy4ZFc6DDlo4nZ7n70dEgE5rtR0oG6ufKDUnrwfWL1mXR5ljDatrQ=="
        },
        "countup.js": {
            "version": "1.9.3",
            "resolved": "http://spd.hiysg.com:4873/countup.js/-/countup.js-1.9.3.tgz",
            "integrity": "sha512-UHf2P/mFKaESqdPq+UdBJm/1y8lYdlcDd0nTZHNC8cxWoJwZr1Eldm1PpWui446vDl5Pd8PtRYkr3q6K4+Qa5A=="
        },
        "csstype": {
            "version": "3.1.2",
            "resolved": "http://spd.hiysg.com:4873/csstype/-/csstype-3.1.2.tgz",
            "integrity": "sha512-I7K1Uu0MBPzaFKg4nI5Q7Vs2t+3gWWW648spaF+Rg7pI9ds18Ugn+lvg4SHczUdKlHI5LWBXyqfS8+DufyBsgQ=="
        },
        "deepmerge": {
            "version": "1.5.2",
            "resolved": "http://spd.hiysg.com:4873/deepmerge/-/deepmerge-1.5.2.tgz",
            "integrity": "sha512-95k0GDqvBjZavkuvzx/YqVLv/6YYa17fz6ILMSf7neqQITCPbnfEnQvEgMPNjH4kgobe7+WIL0yJEHku+H3qtQ=="
        },
        "echarts": {
            "version": "4.4.0",
            "resolved": "http://spd.hiysg.com:4873/echarts/-/echarts-4.4.0.tgz",
            "integrity": "sha512-zJD1YaONA2Ib6rKCpkU9rT/K+OFJ/F0/3Mj5FamGLXytBV5g36gsQGv8sYL7fVs/BFj/sn3wemyctlgIHMCA5w==",
            "requires": {
                "zrender": "4.1.1"
            }
        },
        "echarts-map": {
            "version": "3.0.1",
            "resolved": "http://spd.hiysg.com:4873/echarts-map/-/echarts-map-3.0.1.tgz",
            "integrity": "sha512-ZsfP4U75v9p2sdSCP4Fqhh8O43EglFwjeV/FbaIfeDn6G1MEvbp3CF0XRNAVhwoTfBK0zILuGcpcwcWq6z8CYw==",
            "requires": {
                "echarts": "~3.0.1"
            },
            "dependencies": {
                "echarts": {
                    "version": "3.0.1",
                    "resolved": "http://spd.hiysg.com:4873/echarts/-/echarts-3.0.1.tgz",
                    "integrity": "sha1-T7e2tYapqK2ZJ8zBk1wSGic/WFs=",
                    "requires": {
                        "zrenderjs": "~3.0.2"
                    }
                }
            }
        },
        "element-ui": {
            "version": "2.15.1",
            "resolved": "http://spd.hiysg.com:4873/element-ui/-/element-ui-2.15.1.tgz",
            "integrity": "sha512-TqlScAKGH97XndSScUDeEHIzL1x7yg7DvQdKPEOUdiDcyIz3y3FJJBlpHYaJT96FOn1xpIcUZb+I2FJeU9EcrQ==",
            "requires": {
                "async-validator": "~1.8.1",
                "babel-helper-vue-jsx-merge-props": "^2.0.0",
                "deepmerge": "^1.2.0",
                "normalize-wheel": "^1.0.1",
                "resize-observer-polyfill": "^1.5.0",
                "throttle-debounce": "^1.0.1"
            }
        },
        "follow-redirects": {
            "version": "1.15.3",
            "resolved": "http://spd.hiysg.com:4873/follow-redirects/-/follow-redirects-1.15.3.tgz",
            "integrity": "sha512-1VzOtuEM8pC9SFU1E+8KfTjZyMztRsgEfwQl44z8A25uy13jSzTj6dyK2Df52iV0vgHCfBwLhDWevLn95w5v6Q=="
        },
        "nanoid": {
            "version": "3.3.7",
            "resolved": "http://spd.hiysg.com:4873/nanoid/-/nanoid-3.3.7.tgz",
            "integrity": "sha512-eSRppjcPIatRIMC1U6UngP8XFcz8MQWGQdt1MTBQ7NaAmvXDfvNxbvWV3x2y6CdEUciCSsDHDQZbhYaB8QEo2g=="
        },
        "normalize-wheel": {
            "version": "1.0.1",
            "resolved": "http://spd.hiysg.com:4873/normalize-wheel/-/normalize-wheel-1.0.1.tgz",
            "integrity": "sha1-rsiGr/2wRQcNhWRH32Ls+GFG7EU="
        },
        "picocolors": {
            "version": "1.0.0",
            "resolved": "http://spd.hiysg.com:4873/picocolors/-/picocolors-1.0.0.tgz",
            "integrity": "sha512-1fygroTLlHu66zi26VoTDv8yRgm0Fccecssto+MhsZ0D/DGW2sm8E8AjW7NU5VVTRt5GxbeZ5qBuJr+HyLYkjQ=="
        },
        "postcss": {
            "version": "8.4.32",
            "resolved": "http://spd.hiysg.com:4873/postcss/-/postcss-8.4.32.tgz",
            "integrity": "sha512-D/kj5JNu6oo2EIy+XL/26JEDTlIbB8hw85G8StOE6L74RQAVVP5rej6wxCNqyMbR4RkPfqvezVbPw81Ngd6Kcw==",
            "requires": {
                "nanoid": "^3.3.7",
                "picocolors": "^1.0.0",
                "source-map-js": "^1.0.2"
            }
        },
        "regenerator-runtime": {
            "version": "0.11.1",
            "resolved": "http://spd.hiysg.com:4873/regenerator-runtime/-/regenerator-runtime-0.11.1.tgz",
            "integrity": "sha512-MguG95oij0fC3QV3URf4V2SDYGJhJnJGqvIIgdECeODCT98wSWDAJ94SSuVpYQUoTcGUIL6L4yNB7j1DFFHSBg=="
        },
        "resize-observer-polyfill": {
            "version": "1.5.1",
            "resolved": "http://spd.hiysg.com:4873/resize-observer-polyfill/-/resize-observer-polyfill-1.5.1.tgz",
            "integrity": "sha512-LwZrotdHOo12nQuZlHEmtuXdqGoOD0OhaxopaNFxWzInpEgaLWoVuAMbTzixuosCx2nEG58ngzW3vxdWoxIgdg=="
        },
        "source-map": {
            "version": "0.6.1",
            "resolved": "http://spd.hiysg.com:4873/source-map/-/source-map-0.6.1.tgz",
            "integrity": "sha512-UjgapumWlbMhkBgzT7Ykc5YXUT46F0iKu8SGXq0bcwP5dz/h0Plj6enJqjz1Zbq2l5WaqYnrVbwWOWMyF3F47g=="
        },
        "source-map-js": {
            "version": "1.0.2",
            "resolved": "http://spd.hiysg.com:4873/source-map-js/-/source-map-js-1.0.2.tgz",
            "integrity": "sha512-R0XvVJ9WusLiqTCEiGCmICCMplcCkIwwR11mOSD9CR5u+IXYdiseeEuXCVAjS54zqwkLcPNnmU4OeJ6tUrWhDw=="
        },
        "throttle-debounce": {
            "version": "1.1.0",
            "resolved": "http://spd.hiysg.com:4873/throttle-debounce/-/throttle-debounce-1.1.0.tgz",
            "integrity": "sha512-XH8UiPCQcWNuk2LYePibW/4qL97+ZQ1AN3FNXwZRBNPPowo/NRU5fAlDCSNBJIYCKbioZfuYtMhG4quqoJhVzg=="
        },
        "vue": {
            "version": "2.7.15",
            "resolved": "http://spd.hiysg.com:4873/vue/-/vue-2.7.15.tgz",
            "integrity": "sha512-a29fsXd2G0KMRqIFTpRgpSbWaNBK3lpCTOLuGLEDnlHWdjB8fwl6zyYZ8xCrqkJdatwZb4mGHiEfJjnw0Q6AwQ==",
            "requires": {
                "@vue/compiler-sfc": "2.7.15",
                "csstype": "^3.1.0"
            }
        },
        "vue-countupjs": {
            "version": "1.0.0",
            "resolved": "http://spd.hiysg.com:4873/vue-countupjs/-/vue-countupjs-1.0.0.tgz",
            "integrity": "sha512-60zdL918nRuC93jZBOY1L3jw72OYYVDxQkIW0B73dPY44XXDg+BS+ImvrNXVDWz6bREwQ3kkKE4LlxM53F4ilA==",
            "requires": {
                "countup.js": "^1.8.5",
                "vue": "^2.3.3"
            }
        },
        "wangeditor": {
            "version": "3.1.1",
            "resolved": "http://spd.hiysg.com:4873/wangeditor/-/wangeditor-3.1.1.tgz",
            "integrity": "sha1-+9PB1JdpI8nt67hbKdMLNVEq0Dk="
        },
        "zrender": {
            "version": "4.1.1",
            "resolved": "http://spd.hiysg.com:4873/zrender/-/zrender-4.1.1.tgz",
            "integrity": "sha512-epy1rl82dP/JKxhZl+JRfwcZjobKOoynxBzvBZJBPjmDMAxBE4grLjDryx8BHkHlKyWsUkis4XEL2wN61w5l4w=="
        },
        "zrenderjs": {
            "version": "3.0.3",
            "resolved": "http://spd.hiysg.com:4873/zrenderjs/-/zrenderjs-3.0.3.tgz",
            "integrity": "sha512-+WsvUsqButmQXmdFENN4AJFbiNMf+9j0xKupRQoAxuxiFHU4y142X/i3O/Q6GGJ4YwXh8YbBNsWxkbCAxB3C/A=="
        }
    }
}
